// !$*UTF8*$!
{
	archiveVersion = 1;
	classes = {
	};
	objectVersion = 56;
	objects = {

/* Begin PBXBuildFile section */
		C14171912A8ECE7A00489382 /* AppDelegate.swift in Sources */ = {isa = PBXBuildFile; fileRef = C14171902A8ECE7A00489382 /* AppDelegate.swift */; };
		C14171932A8ECE7A00489382 /* SceneDelegate.swift in Sources */ = {isa = PBXBuildFile; fileRef = C14171922A8ECE7A00489382 /* SceneDelegate.swift */; };
		C14171982A8ECE7A00489382 /* Main.storyboard in Resources */ = {isa = PBXBuildFile; fileRef = C14171962A8ECE7A00489382 /* Main.storyboard */; };
		C141719A2A8ECE7B00489382 /* Assets.xcassets in Resources */ = {isa = PBXBuildFile; fileRef = C14171992A8ECE7B00489382 /* Assets.xcassets */; };
		C141719D2A8ECE7B00489382 /* LaunchScreen.storyboard in Resources */ = {isa = PBXBuildFile; fileRef = C141719B2A8ECE7B00489382 /* LaunchScreen.storyboard */; };
		C14171AC2A8ED79400489382 /* Coordinator.swift in Sources */ = {isa = PBXBuildFile; fileRef = C14171AB2A8ED79400489382 /* Coordinator.swift */; };
/* End PBXBuildFile section */

/* Begin PBXFileReference section */
		C141718D2A8ECE7A00489382 /* CriptoWatch.app */ = {isa = PBXFileReference; explicitFileType = wrapper.application; includeInIndex = 0; path = CriptoWatch.app; sourceTree = BUILT_PRODUCTS_DIR; };
		C14171902A8ECE7A00489382 /* AppDelegate.swift */ = {isa = PBXFileReference; lastKnownFileType = sourcecode.swift; path = AppDelegate.swift; sourceTree = "<group>"; };
		C14171922A8ECE7A00489382 /* SceneDelegate.swift */ = {isa = PBXFileReference; lastKnownFileType = sourcecode.swift; path = SceneDelegate.swift; sourceTree = "<group>"; };
		C14171972A8ECE7A00489382 /* Base */ = {isa = PBXFileReference; lastKnownFileType = file.storyboard; name = Base; path = Base.lproj/Main.storyboard; sourceTree = "<group>"; };
		C14171992A8ECE7B00489382 /* Assets.xcassets */ = {isa = PBXFileReference; lastKnownFileType = folder.assetcatalog; path = Assets.xcassets; sourceTree = "<group>"; };
		C141719C2A8ECE7B00489382 /* Base */ = {isa = PBXFileReference; lastKnownFileType = file.storyboard; name = Base; path = Base.lproj/LaunchScreen.storyboard; sourceTree = "<group>"; };
		C141719E2A8ECE7B00489382 /* Info.plist */ = {isa = PBXFileReference; lastKnownFileType = text.plist.xml; path = Info.plist; sourceTree = "<group>"; };
		C14171AB2A8ED79400489382 /* Coordinator.swift */ = {isa = PBXFileReference; lastKnownFileType = sourcecode.swift; path = Coordinator.swift; sourceTree = "<group>"; };
/* End PBXFileReference section */

/* Begin PBXFrameworksBuildPhase section */
		C141718A2A8ECE7A00489382 /* Frameworks */ = {
			isa = PBXFrameworksBuildPhase;
			buildActionMask = 2147483647;
			files = (
			);
			runOnlyForDeploymentPostprocessing = 0;
		};
/* End PBXFrameworksBuildPhase section */

/* Begin PBXGroup section */
		C14171842A8ECE7A00489382 = {
			isa = PBXGroup;
			children = (
				C141718F2A8ECE7A00489382 /* CriptoWatch */,
				C141718E2A8ECE7A00489382 /* Products */,
			);
			sourceTree = "<group>";
		};
		C141718E2A8ECE7A00489382 /* Products */ = {
			isa = PBXGroup;
			children = (
				C141718D2A8ECE7A00489382 /* CriptoWatch.app */,
			);
			name = Products;
			sourceTree = "<group>";
		};
		C141718F2A8ECE7A00489382 /* CriptoWatch */ = {
			isa = PBXGroup;
			children = (
				C14171AA2A8ED78500489382 /* Coordinators */,
				C14171A82A8ED4BE00489382 /* Modules */,
				C14171A72A8ED4A300489382 /* Storyboards */,
				C14171A62A8ED49900489382 /* Resources */,
				C14171A52A8ED48A00489382 /* Supporting Files */,
				C14171A42A8ED43700489382 /* Application Delegates */,
			);
			path = CriptoWatch;
			sourceTree = "<group>";
		};
		C14171A42A8ED43700489382 /* Application Delegates */ = {
			isa = PBXGroup;
			children = (
				C14171902A8ECE7A00489382 /* AppDelegate.swift */,
				C14171922A8ECE7A00489382 /* SceneDelegate.swift */,
			);
			path = "Application Delegates";
			sourceTree = "<group>";
		};
		C14171A52A8ED48A00489382 /* Supporting Files */ = {
			isa = PBXGroup;
			children = (
				C141719E2A8ECE7B00489382 /* Info.plist */,
			);
			path = "Supporting Files";
			sourceTree = "<group>";
		};
		C14171A62A8ED49900489382 /* Resources */ = {
			isa = PBXGroup;
			children = (
				C14171992A8ECE7B00489382 /* Assets.xcassets */,
			);
			path = Resources;
			sourceTree = "<group>";
		};
		C14171A72A8ED4A300489382 /* Storyboards */ = {
			isa = PBXGroup;
			children = (
				C14171962A8ECE7A00489382 /* Main.storyboard */,
				C141719B2A8ECE7B00489382 /* LaunchScreen.storyboard */,
			);
			path = Storyboards;
			sourceTree = "<group>";
		};
		C14171A82A8ED4BE00489382 /* Modules */ = {
			isa = PBXGroup;
			children = (
			);
			path = Modules;
			sourceTree = "<group>";
		};
		C14171AA2A8ED78500489382 /* Coordinators */ = {
			isa = PBXGroup;
			children = (
				C14171AB2A8ED79400489382 /* Coordinator.swift */,
			);
			path = Coordinators;
			sourceTree = "<group>";
		};
/* End PBXGroup section */

/* Begin PBXNativeTarget section */
		C141718C2A8ECE7A00489382 /* CriptoWatch */ = {
			isa = PBXNativeTarget;
			buildConfigurationList = C14171A12A8ECE7B00489382 /* Build configuration list for PBXNativeTarget "CriptoWatch" */;
			buildPhases = (
				C14171892A8ECE7A00489382 /* Sources */,
				C141718A2A8ECE7A00489382 /* Frameworks */,
				C141718B2A8ECE7A00489382 /* Resources */,
			);
			buildRules = (
			);
			dependencies = (
			);
			name = CriptoWatch;
			productName = CriptoWatch;
			productReference = C141718D2A8ECE7A00489382 /* CriptoWatch.app */;
			productType = "com.apple.product-type.application";
		};
/* End PBXNativeTarget section */

/* Begin PBXProject section */
		C14171852A8ECE7A00489382 /* Project object */ = {
			isa = PBXProject;
			attributes = {
				BuildIndependentTargetsInParallel = 1;
				LastSwiftUpdateCheck = 1430;
				LastUpgradeCheck = 1430;
				TargetAttributes = {
					C141718C2A8ECE7A00489382 = {
						CreatedOnToolsVersion = 14.3.1;
					};
				};
			};
			buildConfigurationList = C14171882A8ECE7A00489382 /* Build configuration list for PBXProject "CriptoWatch" */;
			compatibilityVersion = "Xcode 14.0";
			developmentRegion = en;
			hasScannedForEncodings = 0;
			knownRegions = (
				en,
				Base,
			);
			mainGroup = C14171842A8ECE7A00489382;
			productRefGroup = C141718E2A8ECE7A00489382 /* Products */;
			projectDirPath = "";
			projectRoot = "";
			targets = (
				C141718C2A8ECE7A00489382 /* CriptoWatch */,
			);
		};
/* End PBXProject section */

/* Begin PBXResourcesBuildPhase section */
		C141718B2A8ECE7A00489382 /* Resources */ = {
			isa = PBXResourcesBuildPhase;
			buildActionMask = 2147483647;
			files = (
				C141719D2A8ECE7B00489382 /* LaunchScreen.storyboard in Resources */,
				C141719A2A8ECE7B00489382 /* Assets.xcassets in Resources */,
				C14171982A8ECE7A00489382 /* Main.storyboard in Resources */,
			);
			runOnlyForDeploymentPostprocessing = 0;
		};
/* End PBXResourcesBuildPhase section */

/* Begin PBXSourcesBuildPhase section */
		C14171892A8ECE7A00489382 /* Sources */ = {
			isa = PBXSourcesBuildPhase;
			buildActionMask = 2147483647;
			files = (
				C14171912A8ECE7A00489382 /* AppDelegate.swift in Sources */,
				C14171932A8ECE7A00489382 /* SceneDelegate.swift in Sources */,
				C14171AC2A8ED79400489382 /* Coordinator.swift in Sources */,
			);
			runOnlyForDeploymentPostprocessing = 0;
		};
/* End PBXSourcesBuildPhase section */

/* Begin PBXVariantGroup section */
		C14171962A8ECE7A00489382 /* Main.storyboard */ = {
			isa = PBXVariantGroup;
			children = (
				C14171972A8ECE7A00489382 /* Base */,
			);
			name = Main.storyboard;
			sourceTree = "<group>";
		};
		C141719B2A8ECE7B00489382 /* LaunchScreen.storyboard */ = {
			isa = PBXVariantGroup;
			children = (
				C141719C2A8ECE7B00489382 /* Base */,
			);
			name = LaunchScreen.storyboard;
			sourceTree = "<group>";
		};
/* End PBXVariantGroup section */

/* Begin XCBuildConfiguration section */
		C141719F2A8ECE7B00489382 /* Debug */ = {
			isa = XCBuildConfiguration;
			buildSettings = {
				ALWAYS_SEARCH_USER_PATHS = NO;
				CLANG_ANALYZER_NONNULL = YES;
				CLANG_ANALYZER_NUMBER_OBJECT_CONVERSION = YES_AGGRESSIVE;
				CLANG_CXX_LANGUAGE_STANDARD = "gnu++20";
				CLANG_ENABLE_MODULES = YES;
				CLANG_ENABLE_OBJC_ARC = YES;
				CLANG_ENABLE_OBJC_WEAK = YES;
				CLANG_WARN_BLOCK_CAPTURE_AUTORELEASING = YES;
				CLANG_WARN_BOOL_CONVERSION = YES;
				CLANG_WARN_COMMA = YES;
				CLANG_WARN_CONSTANT_CONVERSION = YES;
				CLANG_WARN_DEPRECATED_OBJC_IMPLEMENTATIONS = YES;
				CLANG_WARN_DIRECT_OBJC_ISA_USAGE = YES_ERROR;
				CLANG_WARN_DOCUMENTATION_COMMENTS = YES;
				CLANG_WARN_EMPTY_BODY = YES;
				CLANG_WARN_ENUM_CONVERSION = YES;
				CLANG_WARN_INFINITE_RECURSION = YES;
				CLANG_WARN_INT_CONVERSION = YES;
				CLANG_WARN_NON_LITERAL_NULL_CONVERSION = YES;
				CLANG_WARN_OBJC_IMPLICIT_RETAIN_SELF = YES;
				CLANG_WARN_OBJC_LITERAL_CONVERSION = YES;
				CLANG_WARN_OBJC_ROOT_CLASS = YES_ERROR;
				CLANG_WARN_QUOTED_INCLUDE_IN_FRAMEWORK_HEADER = YES;
				CLANG_WARN_RANGE_LOOP_ANALYSIS = YES;
				CLANG_WARN_STRICT_PROTOTYPES = YES;
				CLANG_WARN_SUSPICIOUS_MOVE = YES;
				CLANG_WARN_UNGUARDED_AVAILABILITY = YES_AGGRESSIVE;
				CLANG_WARN_UNREACHABLE_CODE = YES;
				CLANG_WARN__DUPLICATE_METHOD_MATCH = YES;
				COPY_PHASE_STRIP = NO;
				DEBUG_INFORMATION_FORMAT = dwarf;
				ENABLE_STRICT_OBJC_MSGSEND = YES;
				ENABLE_TESTABILITY = YES;
				GCC_C_LANGUAGE_STANDARD = gnu11;
				GCC_DYNAMIC_NO_PIC = NO;
				GCC_NO_COMMON_BLOCKS = YES;
				GCC_OPTIMIZATION_LEVEL = 0;
				GCC_PREPROCESSOR_DEFINITIONS = (
					"DEBUG=1",
					"$(inherited)",
				);
				GCC_WARN_64_TO_32_BIT_CONVERSION = YES;
				GCC_WARN_ABOUT_RETURN_TYPE = YES_ERROR;
				GCC_WARN_UNDECLARED_SELECTOR = YES;
				GCC_WARN_UNINITIALIZED_AUTOS = YES_AGGRESSIVE;
				GCC_WARN_UNUSED_FUNCTION = YES;
				GCC_WARN_UNUSED_VARIABLE = YES;
				IPHONEOS_DEPLOYMENT_TARGET = 16.4;
				MTL_ENABLE_DEBUG_INFO = INCLUDE_SOURCE;
				MTL_FAST_MATH = YES;
				ONLY_ACTIVE_ARCH = YES;
				SDKROOT = iphoneos;
				SWIFT_ACTIVE_COMPILATION_CONDITIONS = DEBUG;
				SWIFT_OPTIMIZATION_LEVEL = "-Onone";
			};
			name = Debug;
		};
		C14171A02A8ECE7B00489382 /* Release */ = {
			isa = XCBuildConfiguration;
			buildSettings = {
				ALWAYS_SEARCH_USER_PATHS = NO;
				CLANG_ANALYZER_NONNULL = YES;
				CLANG_ANALYZER_NUMBER_OBJECT_CONVERSION = YES_AGGRESSIVE;
				CLANG_CXX_LANGUAGE_STANDARD = "gnu++20";
				CLANG_ENABLE_MODULES = YES;
				CLANG_ENABLE_OBJC_ARC = YES;
				CLANG_ENABLE_OBJC_WEAK = YES;
				CLANG_WARN_BLOCK_CAPTURE_AUTORELEASING = YES;
				CLANG_WARN_BOOL_CONVERSION = YES;
				CLANG_WARN_COMMA = YES;
				CLANG_WARN_CONSTANT_CONVERSION = YES;
				CLANG_WARN_DEPRECATED_OBJC_IMPLEMENTATIONS = YES;
				CLANG_WARN_DIRECT_OBJC_ISA_USAGE = YES_ERROR;
				CLANG_WARN_DOCUMENTATION_COMMENTS = YES;
				CLANG_WARN_EMPTY_BODY = YES;
				CLANG_WARN_ENUM_CONVERSION = YES;
				CLANG_WARN_INFINITE_RECURSION = YES;
				CLANG_WARN_INT_CONVERSION = YES;
				CLANG_WARN_NON_LITERAL_NULL_CONVERSION = YES;
				CLANG_WARN_OBJC_IMPLICIT_RETAIN_SELF = YES;
				CLANG_WARN_OBJC_LITERAL_CONVERSION = YES;
				CLANG_WARN_OBJC_ROOT_CLASS = YES_ERROR;
				CLANG_WARN_QUOTED_INCLUDE_IN_FRAMEWORK_HEADER = YES;
				CLANG_WARN_RANGE_LOOP_ANALYSIS = YES;
				CLANG_WARN_STRICT_PROTOTYPES = YES;
				CLANG_WARN_SUSPICIOUS_MOVE = YES;
				CLANG_WARN_UNGUARDED_AVAILABILITY = YES_AGGRESSIVE;
				CLANG_WARN_UNREACHABLE_CODE = YES;
				CLANG_WARN__DUPLICATE_METHOD_MATCH = YES;
				COPY_PHASE_STRIP = NO;
				DEBUG_INFORMATION_FORMAT = "dwarf-with-dsym";
				ENABLE_NS_ASSERTIONS = NO;
				ENABLE_STRICT_OBJC_MSGSEND = YES;
				GCC_C_LANGUAGE_STANDARD = gnu11;
				GCC_NO_COMMON_BLOCKS = YES;
				GCC_WARN_64_TO_32_BIT_CONVERSION = YES;
				GCC_WARN_ABOUT_RETURN_TYPE = YES_ERROR;
				GCC_WARN_UNDECLARED_SELECTOR = YES;
				GCC_WARN_UNINITIALIZED_AUTOS = YES_AGGRESSIVE;
				GCC_WARN_UNUSED_FUNCTION = YES;
				GCC_WARN_UNUSED_VARIABLE = YES;
				IPHONEOS_DEPLOYMENT_TARGET = 16.4;
				MTL_ENABLE_DEBUG_INFO = NO;
				MTL_FAST_MATH = YES;
				SDKROOT = iphoneos;
				SWIFT_COMPILATION_MODE = wholemodule;
				SWIFT_OPTIMIZATION_LEVEL = "-O";
				VALIDATE_PRODUCT = YES;
			};
			name = Release;
		};
		C14171A22A8ECE7B00489382 /* Debug */ = {
			isa = XCBuildConfiguration;
			buildSettings = {
				ASSETCATALOG_COMPILER_APPICON_NAME = AppIcon;
				ASSETCATALOG_COMPILER_GLOBAL_ACCENT_COLOR_NAME = AccentColor;
				CODE_SIGN_STYLE = Automatic;
				CURRENT_PROJECT_VERSION = 1;
				DEVELOPMENT_TEAM = 4FT83F7673;
				GENERATE_INFOPLIST_FILE = YES;
				INFOPLIST_FILE = "CriptoWatch/Supporting Files/Info.plist";
				INFOPLIST_KEY_CFBundleDisplayName = "Cripto Watch";
				INFOPLIST_KEY_LSApplicationCategoryType = "public.app-category.finance";
				INFOPLIST_KEY_UIApplicationSupportsIndirectInputEvents = YES;
				INFOPLIST_KEY_UILaunchStoryboardName = LaunchScreen;
				INFOPLIST_KEY_UIMainStoryboardFile = Main;
				INFOPLIST_KEY_UIStatusBarStyle = "";
				INFOPLIST_KEY_UISupportedInterfaceOrientations = UIInterfaceOrientationPortrait;
				LD_RUNPATH_SEARCH_PATHS = (
					"$(inherited)",
					"@executable_path/Frameworks",
				);
				MARKETING_VERSION = 1.0;
				PRODUCT_BUNDLE_IDENTIFIER = ferbenavides.CriptoWatch;
				PRODUCT_NAME = "$(TARGET_NAME)";
				SUPPORTED_PLATFORMS = "iphoneos iphonesimulator";
				SUPPORTS_MACCATALYST = NO;
				SUPPORTS_MAC_DESIGNED_FOR_IPHONE_IPAD = NO;
				SWIFT_EMIT_LOC_STRINGS = YES;
				SWIFT_VERSION = 5.0;
				TARGETED_DEVICE_FAMILY = 1;
			};
			name = Debug;
		};
		C14171A32A8ECE7B00489382 /* Release */ = {
			isa = XCBuildConfiguration;
			buildSettings = {
				ASSETCATALOG_COMPILER_APPICON_NAME = AppIcon;
				ASSETCATALOG_COMPILER_GLOBAL_ACCENT_COLOR_NAME = AccentColor;
				CODE_SIGN_STYLE = Automatic;
				CURRENT_PROJECT_VERSION = 1;
				DEVELOPMENT_TEAM = 4FT83F7673;
				GENERATE_INFOPLIST_FILE = YES;
				INFOPLIST_FILE = "CriptoWatch/Supporting Files/Info.plist";
				INFOPLIST_KEY_CFBundleDisplayName = "Cripto Watch";
				INFOPLIST_KEY_LSApplicationCategoryType = "public.app-category.finance";
				INFOPLIST_KEY_UIApplicationSupportsIndirectInputEvents = YES;
				INFOPLIST_KEY_UILaunchStoryboardName = LaunchScreen;
				INFOPLIST_KEY_UIMainStoryboardFile = Main;
				INFOPLIST_KEY_UIStatusBarStyle = "";
				INFOPLIST_KEY_UISupportedInterfaceOrientations = UIInterfaceOrientationPortrait;
				LD_RUNPATH_SEARCH_PATHS = (
					"$(inherited)",
					"@executable_path/Frameworks",
				);
				MARKETING_VERSION = 1.0;
				PRODUCT_BUNDLE_IDENTIFIER = ferbenavides.CriptoWatch;
				PRODUCT_NAME = "$(TARGET_NAME)";
				SUPPORTED_PLATFORMS = "iphoneos iphonesimulator";
				SUPPORTS_MACCATALYST = NO;
				SUPPORTS_MAC_DESIGNED_FOR_IPHONE_IPAD = NO;
				SWIFT_EMIT_LOC_STRINGS = YES;
				SWIFT_VERSION = 5.0;
				TARGETED_DEVICE_FAMILY = 1;
			};
			name = Release;
		};
/* End XCBuildConfiguration section */

/* Begin XCConfigurationList section */
		C14171882A8ECE7A00489382 /* Build configuration list for PBXProject "CriptoWatch" */ = {
			isa = XCConfigurationList;
			buildConfigurations = (
				C141719F2A8ECE7B00489382 /* Debug */,
				C14171A02A8ECE7B00489382 /* Release */,
			);
			defaultConfigurationIsVisible = 0;
			defaultConfigurationName = Release;
		};
		C14171A12A8ECE7B00489382 /* Build configuration list for PBXNativeTarget "CriptoWatch" */ = {
			isa = XCConfigurationList;
			buildConfigurations = (
				C14171A22A8ECE7B00489382 /* Debug */,
				C14171A32A8ECE7B00489382 /* Release */,
			);
			defaultConfigurationIsVisible = 0;
			defaultConfigurationName = Release;
		};
/* End XCConfigurationList section */
	};
	rootObject = C14171852A8ECE7A00489382 /* Project object */;
}
